{
  "name": "mac-tray-exec",
  "version": "2.0.1",
  "lockfileVersion": 3,
  "requires": true,
  "packages": {
    "": {
      "name": "mac-tray-exec",
      "version": "2.0.1",
      "license": "MIT",
      "dependencies": {
        "@perryts/perry": "^0.5.1220"
      }
    },
    "node_modules/@perryts/perry": {
      "version": "0.5.1220",
      "resolved": "https://registry.npmjs.org/@perryts/perry/-/perry-0.5.1220.tgz",
      "integrity": "sha512-hgeFCUE8usn/9vObDwlHkE+gRkZm3kjppz6KIefU/+dJ1523bYLI4hAsKk6lnZnaUc6iaiuK8yBF8wklqqVDwQ==",
      "license": "MIT",
      "bin": {
        "perry": "bin/perry.js"
      },
      "engines": {
        "node": ">=16"
      },
      "optionalDependencies": {
        "@perryts/perry-darwin-arm64": "0.5.1220",
        "@perryts/perry-darwin-x64": "0.5.1220",
        "@perryts/perry-linux-arm64": "0.5.1220",
        "@perryts/perry-linux-arm64-musl": "0.5.1220",
        "@perryts/perry-linux-x64": "0.5.1220",
        "@perryts/perry-linux-x64-musl": "0.5.1220",
        "@perryts/perry-win32-x64": "0.5.1220"
      }
    },
    "node_modules/@perryts/perry-darwin-arm64": {
      "version": "0.5.1220",
      "cpu": [
        "arm64"
      ],
      "license": "MIT",
      "optional": true,
      "os": [
        "darwin"
      ]
    },
    "node_modules/@perryts/perry-darwin-x64": {
      "version": "0.5.1220",
      "resolved": "https://registry.npmjs.org/@perryts/perry-darwin-x64/-/perry-darwin-x64-0.5.1220.tgz",
      "integrity": "sha512-ZVJPZT+NKLf5dWejqOVYoElJGOap0Ic9FEjy4qiTC2IMnZ+5xtxkRMinpEVv61TdAf1pRWAFYw5CzHI88WFvzQ==",
      "cpu": [
        "x64"
      ],
      "license": "MIT",
      "optional": true,
      "os": [
        "darwin"
      ]
    },
    "node_modules/@perryts/perry-linux-arm64": {
      "version": "0.5.1220",
      "resolved": "https://registry.npmjs.org/@perryts/perry-linux-arm64/-/perry-linux-arm64-0.5.1220.tgz",
      "integrity": "sha512-qJeup8XTMstoXWDrREZCmhQjqnwJlML3zmBZLhKp3nNRTzn3cEhQFUempEtL3++M2MQjP3CLmzgMh+ZHGZUO7Q==",
      "cpu": [
        "arm64"
      ],
      "license": "MIT",
      "optional": true,
      "os": [
        "linux"
      ]
    },
    "node_modules/@perryts/perry-linux-arm64-musl": {
      "version": "0.5.1220",
      "resolved": "https://registry.npmjs.org/@perryts/perry-linux-arm64-musl/-/perry-linux-arm64-musl-0.5.1220.tgz",
      "integrity": "sha512-rizM9uW3wyBQc1VS7rJaWO0XYeH1dSGI0NC9FBxv3/CT31nniyYQEShGhHKTd6gaisxJNSC/rwqhEqy5NQi3iw==",
      "cpu": [
        "arm64"
      ],
      "license": "MIT",
      "optional": true,
      "os": [
        "linux"
      ]
    },
    "node_modules/@perryts/perry-linux-x64": {
      "version": "0.5.1220",
      "resolved": "https://registry.npmjs.org/@perryts/perry-linux-x64/-/perry-linux-x64-0.5.1220.tgz",
      "integrity": "sha512-N8QG2AboPzw3cBdv1pQdFGc75xTpAwUcWIgik4O6WlU3zMIrOHxIaqj8UWZ1XN8nAxCueBjvGGu8CPi856SvPQ==",
      "cpu": [
        "x64"
      ],
      "license": "MIT",
      "optional": true,
      "os": [
        "linux"
      ]
    },
    "node_modules/@perryts/perry-linux-x64-musl": {
      "version": "0.5.1220",
      "resolved": "https://registry.npmjs.org/@perryts/perry-linux-x64-musl/-/perry-linux-x64-musl-0.5.1220.tgz",
      "integrity": "sha512-OFJLceB+qNlzYTTHl5rK1PaDReNrwxtYJB+xDMf0RKq+MofecKpNjdICHQzKdtO47Guok2bTnTghOTdsHpdR7w==",
      "cpu": [
        "x64"
      ],
      "license": "MIT",
      "optional": true,
      "os": [
        "linux"
      ]
    },
    "node_modules/@perryts/perry-win32-x64": {
      "version": "0.5.1220",
      "resolved": "https://registry.npmjs.org/@perryts/perry-win32-x64/-/perry-win32-x64-0.5.1220.tgz",
      "integrity": "sha512-p33zkG/s3fMfYgAgtfHTWfjTlmlxxaTYZ/Yhw6HzFtyPeBXxz4DtKdbmwNu95ZgFYVAIknF/Fd2Loym56FeXXg==",
      "cpu": [
        "x64"
      ],
      "license": "MIT",
      "optional": true,
      "os": [
        "win32"
      ]
    }
  }
}
